
Microsoft Visual Studio Solution File, Format Version 12.00
# Visual Studio Version 17
VisualStudioVersion = 17.7.34018.315
MinimumVisualStudioVersion = 10.0.40219.1
Project("{FAE04EC0-301F-11D3-BF4B-00C04F79EFBC}") = "Day11Problem", "Day11Problem\Day11Problem.csproj", "{572F1876-09C5-4EB8-9E63-2B09E1F34562}"
EndProject
Global
	GlobalSection(SolutionConfigurationPlatforms) = preSolution
		Debug|Any CPU = Debug|Any CPU
		Release|Any CPU = Release|Any CPU
	EndGlobalSection
	GlobalSection(ProjectConfigurationPlatforms) = postSolution
		{572F1876-09C5-4EB8-9E63-2B09E1F34562}.Debug|Any CPU.ActiveCfg = Debug|Any CPU
		{572F1876-09C5-4EB8-9E63-2B09E1F34562}.Debug|Any CPU.Build.0 = Debug|Any CPU
		{572F1876-09C5-4EB8-9E63-2B09E1F34562}.Release|Any CPU.ActiveCfg = Release|Any CPU
		{572F1876-09C5-4EB8-9E63-2B09E1F34562}.Release|Any CPU.Build.0 = Release|Any CPU
	EndGlobalSection
	GlobalSection(SolutionProperties) = preSolution
		HideSolutionNode = FALSE
	EndGlobalSection
	GlobalSection(ExtensibilityGlobals) = postSolution
		SolutionGuid = {8A64F7FF-A513-4402-9EA5-9CEEE301311B}
	EndGlobalSection
EndGlobal
